// !$*UTF8*$!
{
	archiveVersion = 1;
	classes = {
	};
	objectVersion = 50;
	objects = {

/* Begin PBXBuildFile section */
		08004E33225F19DF00B78F40 /* ShowItemViewController.swift in Sources */ = {isa = PBXBuildFile; fileRef = 08004E32225F19DF00B78F40 /* ShowItemViewController.swift */; };
		08A03F3D2252103700FEA081 /* CategoryViewController.swift in Sources */ = {isa = PBXBuildFile; fileRef = 08A03F3C2252103700FEA081 /* CategoryViewController.swift */; };
		08A03F3F2252131B00FEA081 /* CategoryItem.swift in Sources */ = {isa = PBXBuildFile; fileRef = 08A03F3E2252131B00FEA081 /* CategoryItem.swift */; };
		08A03F4522523E5D00FEA081 /* AddItemViewController.swift in Sources */ = {isa = PBXBuildFile; fileRef = 08A03F4422523E5D00FEA081 /* AddItemViewController.swift */; };
		08C110CE223F84E000028D6F /* AppDelegate.swift in Sources */ = {isa = PBXBuildFile; fileRef = 08C110CD223F84E000028D6F /* AppDelegate.swift */; };
		08C110D0223F84E000028D6F /* ViewController.swift in Sources */ = {isa = PBXBuildFile; fileRef = 08C110CF223F84E000028D6F /* ViewController.swift */; };
		08C110D3223F84E000028D6F /* Main.storyboard in Resources */ = {isa = PBXBuildFile; fileRef = 08C110D1223F84E000028D6F /* Main.storyboard */; };
		08C110D5223F84E100028D6F /* Assets.xcassets in Resources */ = {isa = PBXBuildFile; fileRef = 08C110D4223F84E100028D6F /* Assets.xcassets */; };
		08C110D8223F84E100028D6F /* LaunchScreen.storyboard in Resources */ = {isa = PBXBuildFile; fileRef = 08C110D6223F84E100028D6F /* LaunchScreen.storyboard */; };
		08C110E0223F8E6B00028D6F /* Item.swift in Sources */ = {isa = PBXBuildFile; fileRef = 08C110DF223F8E6B00028D6F /* Item.swift */; };
		08C110E2223F980800028D6F /* ToDoViewController.swift in Sources */ = {isa = PBXBuildFile; fileRef = 08C110E1223F980800028D6F /* ToDoViewController.swift */; };
		08C70C6B223FD8C1006056AA /* BDDMobile.xcdatamodeld in Sources */ = {isa = PBXBuildFile; fileRef = 08C70C69223FD8C1006056AA /* BDDMobile.xcdatamodeld */; };
		08EAF61C2251F72A00E82B15 /* ItemViewTableCell.swift in Sources */ = {isa = PBXBuildFile; fileRef = 08EAF61B2251F72A00E82B15 /* ItemViewTableCell.swift */; };
/* End PBXBuildFile section */

/* Begin PBXFileReference section */
		08004E32225F19DF00B78F40 /* ShowItemViewController.swift */ = {isa = PBXFileReference; lastKnownFileType = sourcecode.swift; path = ShowItemViewController.swift; sourceTree = "<group>"; };
		08A03F3C2252103700FEA081 /* CategoryViewController.swift */ = {isa = PBXFileReference; lastKnownFileType = sourcecode.swift; path = CategoryViewController.swift; sourceTree = "<group>"; };
		08A03F3E2252131B00FEA081 /* CategoryItem.swift */ = {isa = PBXFileReference; lastKnownFileType = sourcecode.swift; path = CategoryItem.swift; sourceTree = "<group>"; };
		08A03F4422523E5D00FEA081 /* AddItemViewController.swift */ = {isa = PBXFileReference; lastKnownFileType = sourcecode.swift; path = AddItemViewController.swift; sourceTree = "<group>"; };
		08C110CA223F84E000028D6F /* BDDMobile.app */ = {isa = PBXFileReference; explicitFileType = wrapper.application; includeInIndex = 0; path = BDDMobile.app; sourceTree = BUILT_PRODUCTS_DIR; };
		08C110CD223F84E000028D6F /* AppDelegate.swift */ = {isa = PBXFileReference; lastKnownFileType = sourcecode.swift; path = AppDelegate.swift; sourceTree = "<group>"; };
		08C110CF223F84E000028D6F /* ViewController.swift */ = {isa = PBXFileReference; lastKnownFileType = sourcecode.swift; path = ViewController.swift; sourceTree = "<group>"; };
		08C110D2223F84E000028D6F /* Base */ = {isa = PBXFileReference; lastKnownFileType = file.storyboard; name = Base; path = Base.lproj/Main.storyboard; sourceTree = "<group>"; };
		08C110D4223F84E100028D6F /* Assets.xcassets */ = {isa = PBXFileReference; lastKnownFileType = folder.assetcatalog; path = Assets.xcassets; sourceTree = "<group>"; };
		08C110D7223F84E100028D6F /* Base */ = {isa = PBXFileReference; lastKnownFileType = file.storyboard; name = Base; path = Base.lproj/LaunchScreen.storyboard; sourceTree = "<group>"; };
		08C110D9223F84E100028D6F /* Info.plist */ = {isa = PBXFileReference; lastKnownFileType = text.plist.xml; path = Info.plist; sourceTree = "<group>"; };
		08C110DF223F8E6B00028D6F /* Item.swift */ = {isa = PBXFileReference; lastKnownFileType = sourcecode.swift; path = Item.swift; sourceTree = "<group>"; };
		08C110E1223F980800028D6F /* ToDoViewController.swift */ = {isa = PBXFileReference; lastKnownFileType = sourcecode.swift; path = ToDoViewController.swift; sourceTree = "<group>"; };
		08C70C6A223FD8C1006056AA /* BDDMobile.xcdatamodel */ = {isa = PBXFileReference; lastKnownFileType = wrapper.xcdatamodel; path = BDDMobile.xcdatamodel; sourceTree = "<group>"; };
		08EAF61B2251F72A00E82B15 /* ItemViewTableCell.swift */ = {isa = PBXFileReference; lastKnownFileType = sourcecode.swift; path = ItemViewTableCell.swift; sourceTree = "<group>"; };
/* End PBXFileReference section */

/* Begin PBXFrameworksBuildPhase section */
		08C110C7223F84E000028D6F /* Frameworks */ = {
			isa = PBXFrameworksBuildPhase;
			buildActionMask = 2147483647;
			files = (
			);
			runOnlyForDeploymentPostprocessing = 0;
		};
/* End PBXFrameworksBuildPhase section */

/* Begin PBXGroup section */
		08A03F3A22520ED800FEA081 /* Controller */ = {
			isa = PBXGroup;
			children = (
				08C110CF223F84E000028D6F /* ViewController.swift */,
				08C110E1223F980800028D6F /* ToDoViewController.swift */,
				08A03F3C2252103700FEA081 /* CategoryViewController.swift */,
				08A03F4422523E5D00FEA081 /* AddItemViewController.swift */,
				08004E32225F19DF00B78F40 /* ShowItemViewController.swift */,
			);
			path = Controller;
			sourceTree = "<group>";
		};
		08A03F3B22520F2A00FEA081 /* Class */ = {
			isa = PBXGroup;
			children = (
				08C110DF223F8E6B00028D6F /* Item.swift */,
				08EAF61B2251F72A00E82B15 /* ItemViewTableCell.swift */,
				08A03F3E2252131B00FEA081 /* CategoryItem.swift */,
			);
			path = Class;
			sourceTree = "<group>";
		};
		08C110C1223F84E000028D6F = {
			isa = PBXGroup;
			children = (
				08C110CC223F84E000028D6F /* BDDMobile */,
				08C110CB223F84E000028D6F /* Products */,
			);
			sourceTree = "<group>";
		};
		08C110CB223F84E000028D6F /* Products */ = {
			isa = PBXGroup;
			children = (
				08C110CA223F84E000028D6F /* BDDMobile.app */,
			);
			name = Products;
			sourceTree = "<group>";
		};
		08C110CC223F84E000028D6F /* BDDMobile */ = {
			isa = PBXGroup;
			children = (
				08A03F3B22520F2A00FEA081 /* Class */,
				08A03F3A22520ED800FEA081 /* Controller */,
				08C70C68223FD8A3006056AA /* Model */,
				08C70C67223FD872006056AA /* View */,
				08C110CD223F84E000028D6F /* AppDelegate.swift */,
				08C110D4223F84E100028D6F /* Assets.xcassets */,
				08C110D9223F84E100028D6F /* Info.plist */,
			);
			path = BDDMobile;
			sourceTree = "<group>";
		};
		08C70C67223FD872006056AA /* View */ = {
			isa = PBXGroup;
			children = (
				08C110D1223F84E000028D6F /* Main.storyboard */,
				08C110D6223F84E100028D6F /* LaunchScreen.storyboard */,
			);
			path = View;
			sourceTree = "<group>";
		};
		08C70C68223FD8A3006056AA /* Model */ = {
			isa = PBXGroup;
			children = (
				08C70C69223FD8C1006056AA /* BDDMobile.xcdatamodeld */,
			);
			path = Model;
			sourceTree = "<group>";
		};
/* End PBXGroup section */

/* Begin PBXNativeTarget section */
		08C110C9223F84E000028D6F /* BDDMobile */ = {
			isa = PBXNativeTarget;
			buildConfigurationList = 08C110DC223F84E100028D6F /* Build configuration list for PBXNativeTarget "BDDMobile" */;
			buildPhases = (
				08C110C6223F84E000028D6F /* Sources */,
				08C110C7223F84E000028D6F /* Frameworks */,
				08C110C8223F84E000028D6F /* Resources */,
			);
			buildRules = (
			);
			dependencies = (
			);
			name = BDDMobile;
			productName = BDDMobile;
			productReference = 08C110CA223F84E000028D6F /* BDDMobile.app */;
			productType = "com.apple.product-type.application";
		};
/* End PBXNativeTarget section */

/* Begin PBXProject section */
		08C110C2223F84E000028D6F /* Project object */ = {
			isa = PBXProject;
			attributes = {
				LastSwiftUpdateCheck = 1010;
				LastUpgradeCheck = 1010;
				ORGANIZATIONNAME = lpiem;
				TargetAttributes = {
					08C110C9223F84E000028D6F = {
						CreatedOnToolsVersion = 10.1;
					};
				};
			};
			buildConfigurationList = 08C110C5223F84E000028D6F /* Build configuration list for PBXProject "BDDMobile" */;
			compatibilityVersion = "Xcode 9.3";
			developmentRegion = en;
			hasScannedForEncodings = 0;
			knownRegions = (
				en,
				Base,
			);
			mainGroup = 08C110C1223F84E000028D6F;
			productRefGroup = 08C110CB223F84E000028D6F /* Products */;
			projectDirPath = "";
			projectRoot = "";
			targets = (
				08C110C9223F84E000028D6F /* BDDMobile */,
			);
		};
/* End PBXProject section */

/* Begin PBXResourcesBuildPhase section */
		08C110C8223F84E000028D6F /* Resources */ = {
			isa = PBXResourcesBuildPhase;
			buildActionMask = 2147483647;
			files = (
				08C110D8223F84E100028D6F /* LaunchScreen.storyboard in Resources */,
				08C110D5223F84E100028D6F /* Assets.xcassets in Resources */,
				08C110D3223F84E000028D6F /* Main.storyboard in Resources */,
			);
			runOnlyForDeploymentPostprocessing = 0;
		};
/* End PBXResourcesBuildPhase section */

/* Begin PBXSourcesBuildPhase section */
		08C110C6223F84E000028D6F /* Sources */ = {
			isa = PBXSourcesBuildPhase;
			buildActionMask = 2147483647;
			files = (
				08C110E2223F980800028D6F /* ToDoViewController.swift in Sources */,
				08C70C6B223FD8C1006056AA /* BDDMobile.xcdatamodeld in Sources */,
				08004E33225F19DF00B78F40 /* ShowItemViewController.swift in Sources */,
				08A03F3F2252131B00FEA081 /* CategoryItem.swift in Sources */,
				08A03F3D2252103700FEA081 /* CategoryViewController.swift in Sources */,
				08C110D0223F84E000028D6F /* ViewController.swift in Sources */,
				08A03F4522523E5D00FEA081 /* AddItemViewController.swift in Sources */,
				08C110E0223F8E6B00028D6F /* Item.swift in Sources */,
				08EAF61C2251F72A00E82B15 /* ItemViewTableCell.swift in Sources */,
				08C110CE223F84E000028D6F /* AppDelegate.swift in Sources */,
			);
			runOnlyForDeploymentPostprocessing = 0;
		};
/* End PBXSourcesBuildPhase section */

/* Begin PBXVariantGroup section */
		08C110D1223F84E000028D6F /* Main.storyboard */ = {
			isa = PBXVariantGroup;
			children = (
				08C110D2223F84E000028D6F /* Base */,
			);
			name = Main.storyboard;
			sourceTree = "<group>";
		};
		08C110D6223F84E100028D6F /* LaunchScreen.storyboard */ = {
			isa = PBXVariantGroup;
			children = (
				08C110D7223F84E100028D6F /* Base */,
			);
			name = LaunchScreen.storyboard;
			sourceTree = "<group>";
		};
/* End PBXVariantGroup section */

/* Begin XCBuildConfiguration section */
		08C110DA223F84E100028D6F /* Debug */ = {
			isa = XCBuildConfiguration;
			buildSettings = {
				ALWAYS_SEARCH_USER_PATHS = NO;
				CLANG_ANALYZER_NONNULL = YES;
				CLANG_ANALYZER_NUMBER_OBJECT_CONVERSION = YES_AGGRESSIVE;
				CLANG_CXX_LANGUAGE_STANDARD = "gnu++14";
				CLANG_CXX_LIBRARY = "libc++";
				CLANG_ENABLE_MODULES = YES;
				CLANG_ENABLE_OBJC_ARC = YES;
				CLANG_ENABLE_OBJC_WEAK = YES;
				CLANG_WARN_BLOCK_CAPTURE_AUTORELEASING = YES;
				CLANG_WARN_BOOL_CONVERSION = YES;
				CLANG_WARN_COMMA = YES;
				CLANG_WARN_CONSTANT_CONVERSION = YES;
				CLANG_WARN_DEPRECATED_OBJC_IMPLEMENTATIONS = YES;
				CLANG_WARN_DIRECT_OBJC_ISA_USAGE = YES_ERROR;
				CLANG_WARN_DOCUMENTATION_COMMENTS = YES;
				CLANG_WARN_EMPTY_BODY = YES;
				CLANG_WARN_ENUM_CONVERSION = YES;
				CLANG_WARN_INFINITE_RECURSION = YES;
				CLANG_WARN_INT_CONVERSION = YES;
				CLANG_WARN_NON_LITERAL_NULL_CONVERSION = YES;
				CLANG_WARN_OBJC_IMPLICIT_RETAIN_SELF = YES;
				CLANG_WARN_OBJC_LITERAL_CONVERSION = YES;
				CLANG_WARN_OBJC_ROOT_CLASS = YES_ERROR;
				CLANG_WARN_RANGE_LOOP_ANALYSIS = YES;
				CLANG_WARN_STRICT_PROTOTYPES = YES;
				CLANG_WARN_SUSPICIOUS_MOVE = YES;
				CLANG_WARN_UNGUARDED_AVAILABILITY = YES_AGGRESSIVE;
				CLANG_WARN_UNREACHABLE_CODE = YES;
				CLANG_WARN__DUPLICATE_METHOD_MATCH = YES;
				CODE_SIGN_IDENTITY = "iPhone Developer";
				COPY_PHASE_STRIP = NO;
				DEBUG_INFORMATION_FORMAT = dwarf;
				ENABLE_STRICT_OBJC_MSGSEND = YES;
				ENABLE_TESTABILITY = YES;
				GCC_C_LANGUAGE_STANDARD = gnu11;
				GCC_DYNAMIC_NO_PIC = NO;
				GCC_NO_COMMON_BLOCKS = YES;
				GCC_OPTIMIZATION_LEVEL = 0;
				GCC_PREPROCESSOR_DEFINITIONS = (
					"DEBUG=1",
					"$(inherited)",
				);
				GCC_WARN_64_TO_32_BIT_CONVERSION = YES;
				GCC_WARN_ABOUT_RETURN_TYPE = YES_ERROR;
				GCC_WARN_UNDECLARED_SELECTOR = YES;
				GCC_WARN_UNINITIALIZED_AUTOS = YES_AGGRESSIVE;
				GCC_WARN_UNUSED_FUNCTION = YES;
				GCC_WARN_UNUSED_VARIABLE = YES;
				IPHONEOS_DEPLOYMENT_TARGET = 12.1;
				MTL_ENABLE_DEBUG_INFO = INCLUDE_SOURCE;
				MTL_FAST_MATH = YES;
				ONLY_ACTIVE_ARCH = YES;
				SDKROOT = iphoneos;
				SWIFT_ACTIVE_COMPILATION_CONDITIONS = DEBUG;
				SWIFT_OPTIMIZATION_LEVEL = "-Onone";
			};
			name = Debug;
		};
		08C110DB223F84E100028D6F /* Release */ = {
			isa = XCBuildConfiguration;
			buildSettings = {
				ALWAYS_SEARCH_USER_PATHS = NO;
				CLANG_ANALYZER_NONNULL = YES;
				CLANG_ANALYZER_NUMBER_OBJECT_CONVERSION = YES_AGGRESSIVE;
				CLANG_CXX_LANGUAGE_STANDARD = "gnu++14";
				CLANG_CXX_LIBRARY = "libc++";
				CLANG_ENABLE_MODULES = YES;
				CLANG_ENABLE_OBJC_ARC = YES;
				CLANG_ENABLE_OBJC_WEAK = YES;
				CLANG_WARN_BLOCK_CAPTURE_AUTORELEASING = YES;
				CLANG_WARN_BOOL_CONVERSION = YES;
				CLANG_WARN_COMMA = YES;
				CLANG_WARN_CONSTANT_CONVERSION = YES;
				CLANG_WARN_DEPRECATED_OBJC_IMPLEMENTATIONS = YES;
				CLANG_WARN_DIRECT_OBJC_ISA_USAGE = YES_ERROR;
				CLANG_WARN_DOCUMENTATION_COMMENTS = YES;
				CLANG_WARN_EMPTY_BODY = YES;
				CLANG_WARN_ENUM_CONVERSION = YES;
				CLANG_WARN_INFINITE_RECURSION = YES;
				CLANG_WARN_INT_CONVERSION = YES;
				CLANG_WARN_NON_LITERAL_NULL_CONVERSION = YES;
				CLANG_WARN_OBJC_IMPLICIT_RETAIN_SELF = YES;
				CLANG_WARN_OBJC_LITERAL_CONVERSION = YES;
				CLANG_WARN_OBJC_ROOT_CLASS = YES_ERROR;
				CLANG_WARN_RANGE_LOOP_ANALYSIS = YES;
				CLANG_WARN_STRICT_PROTOTYPES = YES;
				CLANG_WARN_SUSPICIOUS_MOVE = YES;
				CLANG_WARN_UNGUARDED_AVAILABILITY = YES_AGGRESSIVE;
				CLANG_WARN_UNREACHABLE_CODE = YES;
				CLANG_WARN__DUPLICATE_METHOD_MATCH = YES;
				CODE_SIGN_IDENTITY = "iPhone Developer";
				COPY_PHASE_STRIP = NO;
				DEBUG_INFORMATION_FORMAT = "dwarf-with-dsym";
				ENABLE_NS_ASSERTIONS = NO;
				ENABLE_STRICT_OBJC_MSGSEND = YES;
				GCC_C_LANGUAGE_STANDARD = gnu11;
				GCC_NO_COMMON_BLOCKS = YES;
				GCC_WARN_64_TO_32_BIT_CONVERSION = YES;
				GCC_WARN_ABOUT_RETURN_TYPE = YES_ERROR;
				GCC_WARN_UNDECLARED_SELECTOR = YES;
				GCC_WARN_UNINITIALIZED_AUTOS = YES_AGGRESSIVE;
				GCC_WARN_UNUSED_FUNCTION = YES;
				GCC_WARN_UNUSED_VARIABLE = YES;
				IPHONEOS_DEPLOYMENT_TARGET = 12.1;
				MTL_ENABLE_DEBUG_INFO = NO;
				MTL_FAST_MATH = YES;
				SDKROOT = iphoneos;
				SWIFT_COMPILATION_MODE = wholemodule;
				SWIFT_OPTIMIZATION_LEVEL = "-O";
				VALIDATE_PRODUCT = YES;
			};
			name = Release;
		};
		08C110DD223F84E100028D6F /* Debug */ = {
			isa = XCBuildConfiguration;
			buildSettings = {
				ASSETCATALOG_COMPILER_APPICON_NAME = AppIcon;
				CODE_SIGN_STYLE = Automatic;
				INFOPLIST_FILE = BDDMobile/Info.plist;
				LD_RUNPATH_SEARCH_PATHS = (
					"$(inherited)",
					"@executable_path/Frameworks",
				);
				PRODUCT_BUNDLE_IDENTIFIER = HelloWorld.BDDMobile;
				PRODUCT_NAME = "$(TARGET_NAME)";
				SWIFT_VERSION = 4.2;
				TARGETED_DEVICE_FAMILY = "1,2";
			};
			name = Debug;
		};
		08C110DE223F84E100028D6F /* Release */ = {
			isa = XCBuildConfiguration;
			buildSettings = {
				ASSETCATALOG_COMPILER_APPICON_NAME = AppIcon;
				CODE_SIGN_STYLE = Automatic;
				INFOPLIST_FILE = BDDMobile/Info.plist;
				LD_RUNPATH_SEARCH_PATHS = (
					"$(inherited)",
					"@executable_path/Frameworks",
				);
				PRODUCT_BUNDLE_IDENTIFIER = HelloWorld.BDDMobile;
				PRODUCT_NAME = "$(TARGET_NAME)";
				SWIFT_VERSION = 4.2;
				TARGETED_DEVICE_FAMILY = "1,2";
			};
			name = Release;
		};
/* End XCBuildConfiguration section */

/* Begin XCConfigurationList section */
		08C110C5223F84E000028D6F /* Build configuration list for PBXProject "BDDMobile" */ = {
			isa = XCConfigurationList;
			buildConfigurations = (
				08C110DA223F84E100028D6F /* Debug */,
				08C110DB223F84E100028D6F /* Release */,
			);
			defaultConfigurationIsVisible = 0;
			defaultConfigurationName = Release;
		};
		08C110DC223F84E100028D6F /* Build configuration list for PBXNativeTarget "BDDMobile" */ = {
			isa = XCConfigurationList;
			buildConfigurations = (
				08C110DD223F84E100028D6F /* Debug */,
				08C110DE223F84E100028D6F /* Release */,
			);
			defaultConfigurationIsVisible = 0;
			defaultConfigurationName = Release;
		};
/* End XCConfigurationList section */

/* Begin XCVersionGroup section */
		08C70C69223FD8C1006056AA /* BDDMobile.xcdatamodeld */ = {
			isa = XCVersionGroup;
			children = (
				08C70C6A223FD8C1006056AA /* BDDMobile.xcdatamodel */,
			);
			currentVersion = 08C70C6A223FD8C1006056AA /* BDDMobile.xcdatamodel */;
			path = BDDMobile.xcdatamodeld;
			sourceTree = "<group>";
			versionGroupType = wrapper.xcdatamodel;
		};
/* End XCVersionGroup section */
	};
	rootObject = 08C110C2223F84E000028D6F /* Project object */;
}
